
Microsoft Visual Studio Solution File, Format Version 12.00
Project("{2150E333-8FDC-42A3-9474-1A3956D46DE8}") = "Application", "Application", "{51DAE29C-5002-44E3-91A1-6DC36190302E}"
EndProject
Project("{FAE04EC0-301F-11D3-BF4B-00C04F79EFBC}") = "Gym.WPF", "Gym.WPF\Gym.WPF.csproj", "{C63B0D1B-BC33-4037-9481-989D6CF89686}"
EndProject
Project("{FAE04EC0-301F-11D3-BF4B-00C04F79EFBC}") = "Gym.MVVM", "Gym.MVVM\Gym.MVVM.csproj", "{4CAB43D3-2565-4B2C-A1DD-2483CA487769}"
EndProject
Project("{2150E333-8FDC-42A3-9474-1A3956D46DE8}") = "Domain", "Domain", "{6BCE6746-7299-41F6-9F5A-42272E83F1DD}"
EndProject
Project("{2150E333-8FDC-42A3-9474-1A3956D46DE8}") = "Infrastructure", "Infrastructure", "{8911A5ED-4C54-4DCC-8F8D-08F130245DEE}"
EndProject
Project("{2150E333-8FDC-42A3-9474-1A3956D46DE8}") = "Solution Items", "Solution Items", "{6C3D0A24-B8B2-4AC5-945E-3CF0FA57AEC0}"
	ProjectSection(SolutionItems) = preProject
		..\tools\Saritasa.ruleset = ..\tools\Saritasa.ruleset
		.editorconfig = .editorconfig
	EndProjectSection
EndProject
Project("{FAE04EC0-301F-11D3-BF4B-00C04F79EFBC}") = "Gym.Domain", "Gym.Domain\Gym.Domain.csproj", "{F86B798F-29CC-4C1E-998B-23C672241007}"
EndProject
Project("{FAE04EC0-301F-11D3-BF4B-00C04F79EFBC}") = "Gym.DomainServices", "Gym.DomainServices\Gym.DomainServices.csproj", "{397D21E4-7434-4500-AD97-C594AFD65058}"
EndProject
Project("{FAE04EC0-301F-11D3-BF4B-00C04F79EFBC}") = "Gym.Infrastructure.Abstractions", "Gym.Infrastructure.Abstractions\Gym.Infrastructure.Abstractions.csproj", "{2EA8C532-BA0A-47F4-945E-3D29F2C74A4F}"
EndProject
Project("{FAE04EC0-301F-11D3-BF4B-00C04F79EFBC}") = "Gym.UseCases", "Gym.UseCases\Gym.UseCases.csproj", "{34690E7F-3AA6-4D17-9123-2752CD70D6DE}"
EndProject
Project("{FAE04EC0-301F-11D3-BF4B-00C04F79EFBC}") = "Gym.UseCases.Common", "Gym.UseCases.Common\Gym.UseCases.Common.csproj", "{7E4F1203-06D9-4D02-9201-D80D5D35F0C3}"
EndProject
Project("{FAE04EC0-301F-11D3-BF4B-00C04F79EFBC}") = "Gym.Infrastructure.Common", "Gym.Infrastructure.Common\Gym.Infrastructure.Common.csproj", "{1426AB89-06C1-4B08-9969-B895067EAF9D}"
EndProject
Project("{FAE04EC0-301F-11D3-BF4B-00C04F79EFBC}") = "Gym.Infrastructure.DataAccess", "Gym.Infrastructure.DataAccess\Gym.Infrastructure.DataAccess.csproj", "{1AFDC6CE-1628-4CC8-B872-9EEFD68362F4}"
EndProject
Project("{FAE04EC0-301F-11D3-BF4B-00C04F79EFBC}") = "Gym.Infrastructure", "Gym.Infrastructure\Gym.Infrastructure.csproj", "{B21948AC-AB38-436C-BD25-C5EB7D0276B2}"
EndProject
Global
	GlobalSection(SolutionConfigurationPlatforms) = preSolution
		Debug|Any CPU = Debug|Any CPU
		Release|Any CPU = Release|Any CPU
	EndGlobalSection
	GlobalSection(ProjectConfigurationPlatforms) = postSolution
		{C63B0D1B-BC33-4037-9481-989D6CF89686}.Debug|Any CPU.ActiveCfg = Debug|Any CPU
		{C63B0D1B-BC33-4037-9481-989D6CF89686}.Debug|Any CPU.Build.0 = Debug|Any CPU
		{C63B0D1B-BC33-4037-9481-989D6CF89686}.Release|Any CPU.ActiveCfg = Release|Any CPU
		{C63B0D1B-BC33-4037-9481-989D6CF89686}.Release|Any CPU.Build.0 = Release|Any CPU
		{4CAB43D3-2565-4B2C-A1DD-2483CA487769}.Debug|Any CPU.ActiveCfg = Debug|Any CPU
		{4CAB43D3-2565-4B2C-A1DD-2483CA487769}.Debug|Any CPU.Build.0 = Debug|Any CPU
		{4CAB43D3-2565-4B2C-A1DD-2483CA487769}.Release|Any CPU.ActiveCfg = Release|Any CPU
		{4CAB43D3-2565-4B2C-A1DD-2483CA487769}.Release|Any CPU.Build.0 = Release|Any CPU
		{F86B798F-29CC-4C1E-998B-23C672241007}.Debug|Any CPU.ActiveCfg = Debug|Any CPU
		{F86B798F-29CC-4C1E-998B-23C672241007}.Debug|Any CPU.Build.0 = Debug|Any CPU
		{F86B798F-29CC-4C1E-998B-23C672241007}.Release|Any CPU.ActiveCfg = Release|Any CPU
		{F86B798F-29CC-4C1E-998B-23C672241007}.Release|Any CPU.Build.0 = Release|Any CPU
		{397D21E4-7434-4500-AD97-C594AFD65058}.Debug|Any CPU.ActiveCfg = Debug|Any CPU
		{397D21E4-7434-4500-AD97-C594AFD65058}.Debug|Any CPU.Build.0 = Debug|Any CPU
		{397D21E4-7434-4500-AD97-C594AFD65058}.Release|Any CPU.ActiveCfg = Release|Any CPU
		{397D21E4-7434-4500-AD97-C594AFD65058}.Release|Any CPU.Build.0 = Release|Any CPU
		{2EA8C532-BA0A-47F4-945E-3D29F2C74A4F}.Debug|Any CPU.ActiveCfg = Debug|Any CPU
		{2EA8C532-BA0A-47F4-945E-3D29F2C74A4F}.Debug|Any CPU.Build.0 = Debug|Any CPU
		{2EA8C532-BA0A-47F4-945E-3D29F2C74A4F}.Release|Any CPU.ActiveCfg = Release|Any CPU
		{2EA8C532-BA0A-47F4-945E-3D29F2C74A4F}.Release|Any CPU.Build.0 = Release|Any CPU
		{34690E7F-3AA6-4D17-9123-2752CD70D6DE}.Debug|Any CPU.ActiveCfg = Debug|Any CPU
		{34690E7F-3AA6-4D17-9123-2752CD70D6DE}.Debug|Any CPU.Build.0 = Debug|Any CPU
		{34690E7F-3AA6-4D17-9123-2752CD70D6DE}.Release|Any CPU.ActiveCfg = Release|Any CPU
		{34690E7F-3AA6-4D17-9123-2752CD70D6DE}.Release|Any CPU.Build.0 = Release|Any CPU
		{7E4F1203-06D9-4D02-9201-D80D5D35F0C3}.Debug|Any CPU.ActiveCfg = Debug|Any CPU
		{7E4F1203-06D9-4D02-9201-D80D5D35F0C3}.Debug|Any CPU.Build.0 = Debug|Any CPU
		{7E4F1203-06D9-4D02-9201-D80D5D35F0C3}.Release|Any CPU.ActiveCfg = Release|Any CPU
		{7E4F1203-06D9-4D02-9201-D80D5D35F0C3}.Release|Any CPU.Build.0 = Release|Any CPU
		{1426AB89-06C1-4B08-9969-B895067EAF9D}.Debug|Any CPU.ActiveCfg = Debug|Any CPU
		{1426AB89-06C1-4B08-9969-B895067EAF9D}.Debug|Any CPU.Build.0 = Debug|Any CPU
		{1426AB89-06C1-4B08-9969-B895067EAF9D}.Release|Any CPU.ActiveCfg = Release|Any CPU
		{1426AB89-06C1-4B08-9969-B895067EAF9D}.Release|Any CPU.Build.0 = Release|Any CPU
		{1AFDC6CE-1628-4CC8-B872-9EEFD68362F4}.Debug|Any CPU.ActiveCfg = Debug|Any CPU
		{1AFDC6CE-1628-4CC8-B872-9EEFD68362F4}.Debug|Any CPU.Build.0 = Debug|Any CPU
		{1AFDC6CE-1628-4CC8-B872-9EEFD68362F4}.Release|Any CPU.ActiveCfg = Release|Any CPU
		{1AFDC6CE-1628-4CC8-B872-9EEFD68362F4}.Release|Any CPU.Build.0 = Release|Any CPU
		{B21948AC-AB38-436C-BD25-C5EB7D0276B2}.Debug|Any CPU.ActiveCfg = Debug|Any CPU
		{B21948AC-AB38-436C-BD25-C5EB7D0276B2}.Debug|Any CPU.Build.0 = Debug|Any CPU
		{B21948AC-AB38-436C-BD25-C5EB7D0276B2}.Release|Any CPU.ActiveCfg = Release|Any CPU
		{B21948AC-AB38-436C-BD25-C5EB7D0276B2}.Release|Any CPU.Build.0 = Release|Any CPU
	EndGlobalSection
	GlobalSection(NestedProjects) = preSolution
		{C63B0D1B-BC33-4037-9481-989D6CF89686} = {51DAE29C-5002-44E3-91A1-6DC36190302E}
		{4CAB43D3-2565-4B2C-A1DD-2483CA487769} = {51DAE29C-5002-44E3-91A1-6DC36190302E}
		{F86B798F-29CC-4C1E-998B-23C672241007} = {6BCE6746-7299-41F6-9F5A-42272E83F1DD}
		{397D21E4-7434-4500-AD97-C594AFD65058} = {6BCE6746-7299-41F6-9F5A-42272E83F1DD}
		{2EA8C532-BA0A-47F4-945E-3D29F2C74A4F} = {6BCE6746-7299-41F6-9F5A-42272E83F1DD}
		{34690E7F-3AA6-4D17-9123-2752CD70D6DE} = {6BCE6746-7299-41F6-9F5A-42272E83F1DD}
		{7E4F1203-06D9-4D02-9201-D80D5D35F0C3} = {6BCE6746-7299-41F6-9F5A-42272E83F1DD}
		{1426AB89-06C1-4B08-9969-B895067EAF9D} = {8911A5ED-4C54-4DCC-8F8D-08F130245DEE}
		{1AFDC6CE-1628-4CC8-B872-9EEFD68362F4} = {8911A5ED-4C54-4DCC-8F8D-08F130245DEE}
		{B21948AC-AB38-436C-BD25-C5EB7D0276B2} = {8911A5ED-4C54-4DCC-8F8D-08F130245DEE}
	EndGlobalSection
EndGlobal
